
Microsoft Visual Studio Solution File, Format Version 12.00
# Visual Studio Version 16
VisualStudioVersion = 16.0.29519.87
MinimumVisualStudioVersion = 10.0.40219.1
Project("{FAE04EC0-301F-11D3-BF4B-00C04F79EFBC}") = "ProblemsGenerator", "ProblemsGenerator\ProblemsGenerator.csproj", "{E4523AF6-D846-4BB0-98A2-441178C8569E}"
EndProject
Project("{FAE04EC0-301F-11D3-BF4B-00C04F79EFBC}") = "ClassLib", "ClassLib\ClassLib.csproj", "{4BB6979D-2F81-4933-A51A-975121DA5F04}"
EndProject
Project("{FAE04EC0-301F-11D3-BF4B-00C04F79EFBC}") = "ProblemsGeneratorForm", "ProblemsGeneratorForm\ProblemsGeneratorForm.csproj", "{5B265F8E-1D1E-420C-9344-C9BE1F5C8A14}"
EndProject
Global
	GlobalSection(SolutionConfigurationPlatforms) = preSolution
		Debug|Any CPU = Debug|Any CPU
		Release|Any CPU = Release|Any CPU
	EndGlobalSection
	GlobalSection(ProjectConfigurationPlatforms) = postSolution
		{E4523AF6-D846-4BB0-98A2-441178C8569E}.Debug|Any CPU.ActiveCfg = Debug|Any CPU
		{E4523AF6-D846-4BB0-98A2-441178C8569E}.Debug|Any CPU.Build.0 = Debug|Any CPU
		{E4523AF6-D846-4BB0-98A2-441178C8569E}.Release|Any CPU.ActiveCfg = Release|Any CPU
		{E4523AF6-D846-4BB0-98A2-441178C8569E}.Release|Any CPU.Build.0 = Release|Any CPU
		{4BB6979D-2F81-4933-A51A-975121DA5F04}.Debug|Any CPU.ActiveCfg = Debug|Any CPU
		{4BB6979D-2F81-4933-A51A-975121DA5F04}.Debug|Any CPU.Build.0 = Debug|Any CPU
		{4BB6979D-2F81-4933-A51A-975121DA5F04}.Release|Any CPU.ActiveCfg = Release|Any CPU
		{4BB6979D-2F81-4933-A51A-975121DA5F04}.Release|Any CPU.Build.0 = Release|Any CPU
		{5B265F8E-1D1E-420C-9344-C9BE1F5C8A14}.Debug|Any CPU.ActiveCfg = Debug|Any CPU
		{5B265F8E-1D1E-420C-9344-C9BE1F5C8A14}.Debug|Any CPU.Build.0 = Debug|Any CPU
		{5B265F8E-1D1E-420C-9344-C9BE1F5C8A14}.Release|Any CPU.ActiveCfg = Release|Any CPU
		{5B265F8E-1D1E-420C-9344-C9BE1F5C8A14}.Release|Any CPU.Build.0 = Release|Any CPU
	EndGlobalSection
	GlobalSection(SolutionProperties) = preSolution
		HideSolutionNode = FALSE
	EndGlobalSection
	GlobalSection(ExtensibilityGlobals) = postSolution
		SolutionGuid = {E7F6527A-662A-4B33-AC3C-F9D201860840}
	EndGlobalSection
EndGlobal
